
Microsoft Visual Studio Solution File, Format Version 12.00
# Visual Studio Version 17
VisualStudioVersion = 17.13.35818.85
MinimumVisualStudioVersion = 10.0.40219.1
Project("{FAE04EC0-301F-11D3-BF4B-00C04F79EFBC}") = "DgzAIO", "DgzAIO.csproj", "{BCD59C80-9B80-44AB-8FC5-41E3788DF6B7}"
EndProject
Project("{FAE04EC0-301F-11D3-BF4B-00C04F79EFBC}") = "ApplicationMonitor", "..\ApplicationMonitor\ApplicationMonitor.csproj", "{C1D98E0B-3F21-41E2-BC6D-98E4865FA2C1}"
EndProject
Project("{FAE04EC0-301F-11D3-BF4B-00C04F79EFBC}") = "DBHelper", "..\DBHelper\DBHelper.csproj", "{9B48B5CF-67FA-419D-84BF-17E5DE36F4DB}"
EndProject
Project("{FAE04EC0-301F-11D3-BF4B-00C04F79EFBC}") = "SocketClient", "..\SocketClient\SocketClient.csproj", "{D1E7F70D-2DC3-47FD-9762-86572C384C5F}"
EndProject
Project("{FAE04EC0-301F-11D3-BF4B-00C04F79EFBC}") = "ComputerInformation", "..\ComputerInformation\ComputerInformation.csproj", "{BFB35898-7755-448F-8924-52F9C34D49B8}"
EndProject
Project("{FAE04EC0-301F-11D3-BF4B-00C04F79EFBC}") = "ApiClient", "..\DgzAIO.HttpService\ApiClient.csproj", "{0E4EC176-5AA5-46B9-8E69-957A650EA606}"
EndProject
Project("{FAE04EC0-301F-11D3-BF4B-00C04F79EFBC}") = "DgzAIOWindowsService", "..\DgzAIOWindowsService\DgzAIOWindowsService.csproj", "{95582528-BF66-4CF4-9A9A-154B0E45BFA1}"
EndProject
Project("{930C7802-8A8C-48F9-8165-68863BCCD9DD}") = "DgzAIOInstaller", "..\DgzAIOInstaller\DgzAIOInstaller.wixproj", "{57E3669A-22F9-4A1B-B6D7-BC53578E4494}"
EndProject
Project("{FAE04EC0-301F-11D3-BF4B-00C04F79EFBC}") = "UpdateMaker", "..\UpdateMaker\UpdateMaker.csproj", "{B4E69F7E-0E0F-4841-963A-9C8937D58F95}"
EndProject
Project("{FAE04EC0-301F-11D3-BF4B-00C04F79EFBC}") = "CustomAction_uninstall", "..\CustomAction_uninstall\CustomAction_uninstall.csproj", "{7C42A9FE-A888-4DD7-B026-78FB007E80BF}"
EndProject
Global
	GlobalSection(SolutionConfigurationPlatforms) = preSolution
		Debug|Any CPU = Debug|Any CPU
		Debug|x86 = Debug|x86
		Release|Any CPU = Release|Any CPU
		Release|x86 = Release|x86
	EndGlobalSection
	GlobalSection(ProjectConfigurationPlatforms) = postSolution
		{BCD59C80-9B80-44AB-8FC5-41E3788DF6B7}.Debug|Any CPU.ActiveCfg = Debug|Any CPU
		{BCD59C80-9B80-44AB-8FC5-41E3788DF6B7}.Debug|Any CPU.Build.0 = Debug|Any CPU
		{BCD59C80-9B80-44AB-8FC5-41E3788DF6B7}.Debug|x86.ActiveCfg = Debug|Any CPU
		{BCD59C80-9B80-44AB-8FC5-41E3788DF6B7}.Debug|x86.Build.0 = Debug|Any CPU
		{BCD59C80-9B80-44AB-8FC5-41E3788DF6B7}.Release|Any CPU.ActiveCfg = Release|Any CPU
		{BCD59C80-9B80-44AB-8FC5-41E3788DF6B7}.Release|Any CPU.Build.0 = Release|Any CPU
		{BCD59C80-9B80-44AB-8FC5-41E3788DF6B7}.Release|x86.ActiveCfg = Release|Any CPU
		{BCD59C80-9B80-44AB-8FC5-41E3788DF6B7}.Release|x86.Build.0 = Release|Any CPU
		{C1D98E0B-3F21-41E2-BC6D-98E4865FA2C1}.Debug|Any CPU.ActiveCfg = Debug|Any CPU
		{C1D98E0B-3F21-41E2-BC6D-98E4865FA2C1}.Debug|Any CPU.Build.0 = Debug|Any CPU
		{C1D98E0B-3F21-41E2-BC6D-98E4865FA2C1}.Debug|x86.ActiveCfg = Debug|Any CPU
		{C1D98E0B-3F21-41E2-BC6D-98E4865FA2C1}.Debug|x86.Build.0 = Debug|Any CPU
		{C1D98E0B-3F21-41E2-BC6D-98E4865FA2C1}.Release|Any CPU.ActiveCfg = Release|Any CPU
		{C1D98E0B-3F21-41E2-BC6D-98E4865FA2C1}.Release|Any CPU.Build.0 = Release|Any CPU
		{C1D98E0B-3F21-41E2-BC6D-98E4865FA2C1}.Release|x86.ActiveCfg = Release|Any CPU
		{C1D98E0B-3F21-41E2-BC6D-98E4865FA2C1}.Release|x86.Build.0 = Release|Any CPU
		{9B48B5CF-67FA-419D-84BF-17E5DE36F4DB}.Debug|Any CPU.ActiveCfg = Debug|Any CPU
		{9B48B5CF-67FA-419D-84BF-17E5DE36F4DB}.Debug|Any CPU.Build.0 = Debug|Any CPU
		{9B48B5CF-67FA-419D-84BF-17E5DE36F4DB}.Debug|x86.ActiveCfg = Debug|Any CPU
		{9B48B5CF-67FA-419D-84BF-17E5DE36F4DB}.Debug|x86.Build.0 = Debug|Any CPU
		{9B48B5CF-67FA-419D-84BF-17E5DE36F4DB}.Release|Any CPU.ActiveCfg = Release|Any CPU
		{9B48B5CF-67FA-419D-84BF-17E5DE36F4DB}.Release|Any CPU.Build.0 = Release|Any CPU
		{9B48B5CF-67FA-419D-84BF-17E5DE36F4DB}.Release|x86.ActiveCfg = Release|Any CPU
		{9B48B5CF-67FA-419D-84BF-17E5DE36F4DB}.Release|x86.Build.0 = Release|Any CPU
		{D1E7F70D-2DC3-47FD-9762-86572C384C5F}.Debug|Any CPU.ActiveCfg = Debug|Any CPU
		{D1E7F70D-2DC3-47FD-9762-86572C384C5F}.Debug|Any CPU.Build.0 = Debug|Any CPU
		{D1E7F70D-2DC3-47FD-9762-86572C384C5F}.Debug|x86.ActiveCfg = Debug|Any CPU
		{D1E7F70D-2DC3-47FD-9762-86572C384C5F}.Debug|x86.Build.0 = Debug|Any CPU
		{D1E7F70D-2DC3-47FD-9762-86572C384C5F}.Release|Any CPU.ActiveCfg = Release|Any CPU
		{D1E7F70D-2DC3-47FD-9762-86572C384C5F}.Release|Any CPU.Build.0 = Release|Any CPU
		{D1E7F70D-2DC3-47FD-9762-86572C384C5F}.Release|x86.ActiveCfg = Release|Any CPU
		{D1E7F70D-2DC3-47FD-9762-86572C384C5F}.Release|x86.Build.0 = Release|Any CPU
		{BFB35898-7755-448F-8924-52F9C34D49B8}.Debug|Any CPU.ActiveCfg = Debug|Any CPU
		{BFB35898-7755-448F-8924-52F9C34D49B8}.Debug|Any CPU.Build.0 = Debug|Any CPU
		{BFB35898-7755-448F-8924-52F9C34D49B8}.Debug|x86.ActiveCfg = Debug|Any CPU
		{BFB35898-7755-448F-8924-52F9C34D49B8}.Debug|x86.Build.0 = Debug|Any CPU
		{BFB35898-7755-448F-8924-52F9C34D49B8}.Release|Any CPU.ActiveCfg = Release|Any CPU
		{BFB35898-7755-448F-8924-52F9C34D49B8}.Release|Any CPU.Build.0 = Release|Any CPU
		{BFB35898-7755-448F-8924-52F9C34D49B8}.Release|x86.ActiveCfg = Release|Any CPU
		{BFB35898-7755-448F-8924-52F9C34D49B8}.Release|x86.Build.0 = Release|Any CPU
		{0E4EC176-5AA5-46B9-8E69-957A650EA606}.Debug|Any CPU.ActiveCfg = Debug|Any CPU
		{0E4EC176-5AA5-46B9-8E69-957A650EA606}.Debug|Any CPU.Build.0 = Debug|Any CPU
		{0E4EC176-5AA5-46B9-8E69-957A650EA606}.Debug|x86.ActiveCfg = Debug|Any CPU
		{0E4EC176-5AA5-46B9-8E69-957A650EA606}.Debug|x86.Build.0 = Debug|Any CPU
		{0E4EC176-5AA5-46B9-8E69-957A650EA606}.Release|Any CPU.ActiveCfg = Release|Any CPU
		{0E4EC176-5AA5-46B9-8E69-957A650EA606}.Release|Any CPU.Build.0 = Release|Any CPU
		{0E4EC176-5AA5-46B9-8E69-957A650EA606}.Release|x86.ActiveCfg = Release|Any CPU
		{0E4EC176-5AA5-46B9-8E69-957A650EA606}.Release|x86.Build.0 = Release|Any CPU
		{95582528-BF66-4CF4-9A9A-154B0E45BFA1}.Debug|Any CPU.ActiveCfg = Debug|Any CPU
		{95582528-BF66-4CF4-9A9A-154B0E45BFA1}.Debug|Any CPU.Build.0 = Debug|Any CPU
		{95582528-BF66-4CF4-9A9A-154B0E45BFA1}.Debug|x86.ActiveCfg = Debug|Any CPU
		{95582528-BF66-4CF4-9A9A-154B0E45BFA1}.Debug|x86.Build.0 = Debug|Any CPU
		{95582528-BF66-4CF4-9A9A-154B0E45BFA1}.Release|Any CPU.ActiveCfg = Release|Any CPU
		{95582528-BF66-4CF4-9A9A-154B0E45BFA1}.Release|Any CPU.Build.0 = Release|Any CPU
		{95582528-BF66-4CF4-9A9A-154B0E45BFA1}.Release|x86.ActiveCfg = Release|Any CPU
		{95582528-BF66-4CF4-9A9A-154B0E45BFA1}.Release|x86.Build.0 = Release|Any CPU
		{57E3669A-22F9-4A1B-B6D7-BC53578E4494}.Debug|Any CPU.ActiveCfg = Debug|x86
		{57E3669A-22F9-4A1B-B6D7-BC53578E4494}.Debug|Any CPU.Build.0 = Debug|x86
		{57E3669A-22F9-4A1B-B6D7-BC53578E4494}.Debug|x86.ActiveCfg = Debug|x86
		{57E3669A-22F9-4A1B-B6D7-BC53578E4494}.Debug|x86.Build.0 = Debug|x86
		{57E3669A-22F9-4A1B-B6D7-BC53578E4494}.Release|Any CPU.ActiveCfg = Release|x86
		{57E3669A-22F9-4A1B-B6D7-BC53578E4494}.Release|Any CPU.Build.0 = Release|x86
		{57E3669A-22F9-4A1B-B6D7-BC53578E4494}.Release|x86.ActiveCfg = Release|x86
		{57E3669A-22F9-4A1B-B6D7-BC53578E4494}.Release|x86.Build.0 = Release|x86
		{B4E69F7E-0E0F-4841-963A-9C8937D58F95}.Debug|Any CPU.ActiveCfg = Debug|Any CPU
		{B4E69F7E-0E0F-4841-963A-9C8937D58F95}.Debug|Any CPU.Build.0 = Debug|Any CPU
		{B4E69F7E-0E0F-4841-963A-9C8937D58F95}.Debug|x86.ActiveCfg = Debug|Any CPU
		{B4E69F7E-0E0F-4841-963A-9C8937D58F95}.Debug|x86.Build.0 = Debug|Any CPU
		{B4E69F7E-0E0F-4841-963A-9C8937D58F95}.Release|Any CPU.ActiveCfg = Release|Any CPU
		{B4E69F7E-0E0F-4841-963A-9C8937D58F95}.Release|Any CPU.Build.0 = Release|Any CPU
		{B4E69F7E-0E0F-4841-963A-9C8937D58F95}.Release|x86.ActiveCfg = Release|Any CPU
		{B4E69F7E-0E0F-4841-963A-9C8937D58F95}.Release|x86.Build.0 = Release|Any CPU
		{7C42A9FE-A888-4DD7-B026-78FB007E80BF}.Debug|Any CPU.ActiveCfg = Debug|x86
		{7C42A9FE-A888-4DD7-B026-78FB007E80BF}.Debug|Any CPU.Build.0 = Debug|x86
		{7C42A9FE-A888-4DD7-B026-78FB007E80BF}.Debug|x86.ActiveCfg = Debug|x86
		{7C42A9FE-A888-4DD7-B026-78FB007E80BF}.Debug|x86.Build.0 = Debug|x86
		{7C42A9FE-A888-4DD7-B026-78FB007E80BF}.Release|Any CPU.ActiveCfg = Release|x86
		{7C42A9FE-A888-4DD7-B026-78FB007E80BF}.Release|Any CPU.Build.0 = Release|x86
		{7C42A9FE-A888-4DD7-B026-78FB007E80BF}.Release|x86.ActiveCfg = Release|x86
		{7C42A9FE-A888-4DD7-B026-78FB007E80BF}.Release|x86.Build.0 = Release|x86
	EndGlobalSection
	GlobalSection(SolutionProperties) = preSolution
		HideSolutionNode = FALSE
	EndGlobalSection
	GlobalSection(ExtensibilityGlobals) = postSolution
		SolutionGuid = {36DC2168-EC25-4B42-BA50-29A6BF38F4BD}
	EndGlobalSection
EndGlobal
